
Microsoft Visual Studio Solution File, Format Version 12.00
Project("{FAE04EC0-301F-11D3-BF4B-00C04F79EFBC}") = "WeatherApp", "WeatherApp\WeatherApp.csproj", "{A04FA70A-521F-43DE-8032-0CAA1DCF6947}"
EndProject
Global
	GlobalSection(SolutionConfigurationPlatforms) = preSolution
		Debug|Any CPU = Debug|Any CPU
		Release|Any CPU = Release|Any CPU
	EndGlobalSection
	GlobalSection(ProjectConfigurationPlatforms) = postSolution
		{A04FA70A-521F-43DE-8032-0CAA1DCF6947}.Debug|Any CPU.ActiveCfg = Debug|Any CPU
		{A04FA70A-521F-43DE-8032-0CAA1DCF6947}.Debug|Any CPU.Build.0 = Debug|Any CPU
		{A04FA70A-521F-43DE-8032-0CAA1DCF6947}.Release|Any CPU.ActiveCfg = Release|Any CPU
		{A04FA70A-521F-43DE-8032-0CAA1DCF6947}.Release|Any CPU.Build.0 = Release|Any CPU
	EndGlobalSection
EndGlobal
